
Microsoft Visual Studio Solution File, Format Version 12.00
# Visual Studio Version 17
VisualStudioVersion = 17.3.32819.101
MinimumVisualStudioVersion = 10.0.40219.1
Project("{8BC9CEB8-8B4A-11D0-8D11-00A0C91BC942}") = "SpoutRenderstream", "SpoutRenderstream.vcxproj", "{58759D34-EA07-4F45-950E-65EDAB493155}"
EndProject
Project("{8BC9CEB8-8B4A-11D0-8D11-00A0C91BC942}") = "SpoutSDK", "SpoutGL\VS2017\SpoutSDK.vcxproj", "{62631E0D-AB94-4E97-AF8B-63E7E108C30E}"
EndProject
Global
	GlobalSection(SolutionConfigurationPlatforms) = preSolution
		Debug|x64 = Debug|x64
		Debug|x86 = Debug|x86
		Release|x64 = Release|x64
		Release|x86 = Release|x86
	EndGlobalSection
	GlobalSection(ProjectConfigurationPlatforms) = postSolution
		{58759D34-EA07-4F45-950E-65EDAB493155}.Debug|x64.ActiveCfg = Debug|x64
		{58759D34-EA07-4F45-950E-65EDAB493155}.Debug|x64.Build.0 = Debug|x64
		{58759D34-EA07-4F45-950E-65EDAB493155}.Debug|x86.ActiveCfg = Debug|Win32
		{58759D34-EA07-4F45-950E-65EDAB493155}.Debug|x86.Build.0 = Debug|Win32
		{58759D34-EA07-4F45-950E-65EDAB493155}.Release|x64.ActiveCfg = Release|x64
		{58759D34-EA07-4F45-950E-65EDAB493155}.Release|x64.Build.0 = Release|x64
		{58759D34-EA07-4F45-950E-65EDAB493155}.Release|x86.ActiveCfg = Release|Win32
		{58759D34-EA07-4F45-950E-65EDAB493155}.Release|x86.Build.0 = Release|Win32
		{62631E0D-AB94-4E97-AF8B-63E7E108C30E}.Debug|x64.ActiveCfg = Debug|x64
		{62631E0D-AB94-4E97-AF8B-63E7E108C30E}.Debug|x64.Build.0 = Debug|x64
		{62631E0D-AB94-4E97-AF8B-63E7E108C30E}.Debug|x86.ActiveCfg = Debug|Win32
		{62631E0D-AB94-4E97-AF8B-63E7E108C30E}.Debug|x86.Build.0 = Debug|Win32
		{62631E0D-AB94-4E97-AF8B-63E7E108C30E}.Release|x64.ActiveCfg = Release|x64
		{62631E0D-AB94-4E97-AF8B-63E7E108C30E}.Release|x64.Build.0 = Release|x64
		{62631E0D-AB94-4E97-AF8B-63E7E108C30E}.Release|x86.ActiveCfg = Release|Win32
		{62631E0D-AB94-4E97-AF8B-63E7E108C30E}.Release|x86.Build.0 = Release|Win32
	EndGlobalSection
	GlobalSection(SolutionProperties) = preSolution
		HideSolutionNode = FALSE
	EndGlobalSection
	GlobalSection(ExtensibilityGlobals) = postSolution
		SolutionGuid = {417D470D-C325-4C96-8CA9-4CFC7CE4DE40}
	EndGlobalSection
EndGlobal
